
Microsoft Visual Studio Solution File, Format Version 12.00
# Visual Studio Version 16
VisualStudioVersion = 16.0.29920.165
MinimumVisualStudioVersion = 10.0.40219.1
Project("{FAE04EC0-301F-11D3-BF4B-00C04F79EFBC}") = "EksamenWebApp", "EksamenWebApp.csproj", "{1C532F69-9240-4CAB-90D0-8729294F5598}"
EndProject
Project("{FAE04EC0-301F-11D3-BF4B-00C04F79EFBC}") = "ReqeustSystem", "..\ReqeustSystemFinal\ReqeustSystem.csproj", "{7930185F-E3B6-48C4-B752-129BE6CA5132}"
EndProject
Project("{9A19103F-16F7-4668-BE54-9A1E7A4F7556}") = "RequestConsoleApp", "..\RequestConsoleApp\RequestConsoleApp.csproj", "{AAB80A99-9EB1-4FB5-B9DD-7AA604F08DC4}"
	ProjectSection(ProjectDependencies) = postProject
		{1C532F69-9240-4CAB-90D0-8729294F5598} = {1C532F69-9240-4CAB-90D0-8729294F5598}
	EndProjectSection
EndProject
Global
	GlobalSection(SolutionConfigurationPlatforms) = preSolution
		Debug|Any CPU = Debug|Any CPU
		Debug|ARM = Debug|ARM
		Debug|ARM64 = Debug|ARM64
		Debug|x64 = Debug|x64
		Debug|x86 = Debug|x86
		Release|Any CPU = Release|Any CPU
		Release|ARM = Release|ARM
		Release|ARM64 = Release|ARM64
		Release|x64 = Release|x64
		Release|x86 = Release|x86
	EndGlobalSection
	GlobalSection(ProjectConfigurationPlatforms) = postSolution
		{1C532F69-9240-4CAB-90D0-8729294F5598}.Debug|Any CPU.ActiveCfg = Debug|Any CPU
		{1C532F69-9240-4CAB-90D0-8729294F5598}.Debug|Any CPU.Build.0 = Debug|Any CPU
		{1C532F69-9240-4CAB-90D0-8729294F5598}.Debug|ARM.ActiveCfg = Debug|Any CPU
		{1C532F69-9240-4CAB-90D0-8729294F5598}.Debug|ARM.Build.0 = Debug|Any CPU
		{1C532F69-9240-4CAB-90D0-8729294F5598}.Debug|ARM64.ActiveCfg = Debug|Any CPU
		{1C532F69-9240-4CAB-90D0-8729294F5598}.Debug|ARM64.Build.0 = Debug|Any CPU
		{1C532F69-9240-4CAB-90D0-8729294F5598}.Debug|x64.ActiveCfg = Debug|Any CPU
		{1C532F69-9240-4CAB-90D0-8729294F5598}.Debug|x64.Build.0 = Debug|Any CPU
		{1C532F69-9240-4CAB-90D0-8729294F5598}.Debug|x86.ActiveCfg = Debug|Any CPU
		{1C532F69-9240-4CAB-90D0-8729294F5598}.Debug|x86.Build.0 = Debug|Any CPU
		{1C532F69-9240-4CAB-90D0-8729294F5598}.Release|Any CPU.ActiveCfg = Release|Any CPU
		{1C532F69-9240-4CAB-90D0-8729294F5598}.Release|Any CPU.Build.0 = Release|Any CPU
		{1C532F69-9240-4CAB-90D0-8729294F5598}.Release|ARM.ActiveCfg = Release|Any CPU
		{1C532F69-9240-4CAB-90D0-8729294F5598}.Release|ARM.Build.0 = Release|Any CPU
		{1C532F69-9240-4CAB-90D0-8729294F5598}.Release|ARM64.ActiveCfg = Release|Any CPU
		{1C532F69-9240-4CAB-90D0-8729294F5598}.Release|ARM64.Build.0 = Release|Any CPU
		{1C532F69-9240-4CAB-90D0-8729294F5598}.Release|x64.ActiveCfg = Release|Any CPU
		{1C532F69-9240-4CAB-90D0-8729294F5598}.Release|x64.Build.0 = Release|Any CPU
		{1C532F69-9240-4CAB-90D0-8729294F5598}.Release|x86.ActiveCfg = Release|Any CPU
		{1C532F69-9240-4CAB-90D0-8729294F5598}.Release|x86.Build.0 = Release|Any CPU
		{7930185F-E3B6-48C4-B752-129BE6CA5132}.Debug|Any CPU.ActiveCfg = Debug|x86
		{7930185F-E3B6-48C4-B752-129BE6CA5132}.Debug|ARM.ActiveCfg = Debug|ARM
		{7930185F-E3B6-48C4-B752-129BE6CA5132}.Debug|ARM.Build.0 = Debug|ARM
		{7930185F-E3B6-48C4-B752-129BE6CA5132}.Debug|ARM.Deploy.0 = Debug|ARM
		{7930185F-E3B6-48C4-B752-129BE6CA5132}.Debug|ARM64.ActiveCfg = Debug|ARM64
		{7930185F-E3B6-48C4-B752-129BE6CA5132}.Debug|ARM64.Build.0 = Debug|ARM64
		{7930185F-E3B6-48C4-B752-129BE6CA5132}.Debug|ARM64.Deploy.0 = Debug|ARM64
		{7930185F-E3B6-48C4-B752-129BE6CA5132}.Debug|x64.ActiveCfg = Debug|x64
		{7930185F-E3B6-48C4-B752-129BE6CA5132}.Debug|x64.Build.0 = Debug|x64
		{7930185F-E3B6-48C4-B752-129BE6CA5132}.Debug|x64.Deploy.0 = Debug|x64
		{7930185F-E3B6-48C4-B752-129BE6CA5132}.Debug|x86.ActiveCfg = Debug|x86
		{7930185F-E3B6-48C4-B752-129BE6CA5132}.Debug|x86.Build.0 = Debug|x86
		{7930185F-E3B6-48C4-B752-129BE6CA5132}.Debug|x86.Deploy.0 = Debug|x86
		{7930185F-E3B6-48C4-B752-129BE6CA5132}.Release|Any CPU.ActiveCfg = Release|x86
		{7930185F-E3B6-48C4-B752-129BE6CA5132}.Release|ARM.ActiveCfg = Release|ARM
		{7930185F-E3B6-48C4-B752-129BE6CA5132}.Release|ARM.Build.0 = Release|ARM
		{7930185F-E3B6-48C4-B752-129BE6CA5132}.Release|ARM.Deploy.0 = Release|ARM
		{7930185F-E3B6-48C4-B752-129BE6CA5132}.Release|ARM64.ActiveCfg = Release|ARM64
		{7930185F-E3B6-48C4-B752-129BE6CA5132}.Release|ARM64.Build.0 = Release|ARM64
		{7930185F-E3B6-48C4-B752-129BE6CA5132}.Release|ARM64.Deploy.0 = Release|ARM64
		{7930185F-E3B6-48C4-B752-129BE6CA5132}.Release|x64.ActiveCfg = Release|x64
		{7930185F-E3B6-48C4-B752-129BE6CA5132}.Release|x64.Build.0 = Release|x64
		{7930185F-E3B6-48C4-B752-129BE6CA5132}.Release|x64.Deploy.0 = Release|x64
		{7930185F-E3B6-48C4-B752-129BE6CA5132}.Release|x86.ActiveCfg = Release|x86
		{7930185F-E3B6-48C4-B752-129BE6CA5132}.Release|x86.Build.0 = Release|x86
		{7930185F-E3B6-48C4-B752-129BE6CA5132}.Release|x86.Deploy.0 = Release|x86
		{AAB80A99-9EB1-4FB5-B9DD-7AA604F08DC4}.Debug|Any CPU.ActiveCfg = Debug|Any CPU
		{AAB80A99-9EB1-4FB5-B9DD-7AA604F08DC4}.Debug|Any CPU.Build.0 = Debug|Any CPU
		{AAB80A99-9EB1-4FB5-B9DD-7AA604F08DC4}.Debug|ARM.ActiveCfg = Debug|Any CPU
		{AAB80A99-9EB1-4FB5-B9DD-7AA604F08DC4}.Debug|ARM.Build.0 = Debug|Any CPU
		{AAB80A99-9EB1-4FB5-B9DD-7AA604F08DC4}.Debug|ARM64.ActiveCfg = Debug|Any CPU
		{AAB80A99-9EB1-4FB5-B9DD-7AA604F08DC4}.Debug|ARM64.Build.0 = Debug|Any CPU
		{AAB80A99-9EB1-4FB5-B9DD-7AA604F08DC4}.Debug|x64.ActiveCfg = Debug|Any CPU
		{AAB80A99-9EB1-4FB5-B9DD-7AA604F08DC4}.Debug|x64.Build.0 = Debug|Any CPU
		{AAB80A99-9EB1-4FB5-B9DD-7AA604F08DC4}.Debug|x86.ActiveCfg = Debug|Any CPU
		{AAB80A99-9EB1-4FB5-B9DD-7AA604F08DC4}.Debug|x86.Build.0 = Debug|Any CPU
		{AAB80A99-9EB1-4FB5-B9DD-7AA604F08DC4}.Release|Any CPU.ActiveCfg = Release|Any CPU
		{AAB80A99-9EB1-4FB5-B9DD-7AA604F08DC4}.Release|Any CPU.Build.0 = Release|Any CPU
		{AAB80A99-9EB1-4FB5-B9DD-7AA604F08DC4}.Release|ARM.ActiveCfg = Release|Any CPU
		{AAB80A99-9EB1-4FB5-B9DD-7AA604F08DC4}.Release|ARM.Build.0 = Release|Any CPU
		{AAB80A99-9EB1-4FB5-B9DD-7AA604F08DC4}.Release|ARM64.ActiveCfg = Release|Any CPU
		{AAB80A99-9EB1-4FB5-B9DD-7AA604F08DC4}.Release|ARM64.Build.0 = Release|Any CPU
		{AAB80A99-9EB1-4FB5-B9DD-7AA604F08DC4}.Release|x64.ActiveCfg = Release|Any CPU
		{AAB80A99-9EB1-4FB5-B9DD-7AA604F08DC4}.Release|x64.Build.0 = Release|Any CPU
		{AAB80A99-9EB1-4FB5-B9DD-7AA604F08DC4}.Release|x86.ActiveCfg = Release|Any CPU
		{AAB80A99-9EB1-4FB5-B9DD-7AA604F08DC4}.Release|x86.Build.0 = Release|Any CPU
	EndGlobalSection
	GlobalSection(SolutionProperties) = preSolution
		HideSolutionNode = FALSE
	EndGlobalSection
	GlobalSection(ExtensibilityGlobals) = postSolution
		SolutionGuid = {CEC85D86-FD0A-4B6B-A126-6F1E2FE18F7B}
	EndGlobalSection
EndGlobal
